// !$*UTF8*$!
{
	archiveVersion = 1;
	classes = {
	};
	objectVersion = 46;
	objects = {

/* Begin PBXBuildFile section */
		CBC9526C1E6D68C200C80F4B /* AppDelegate.swift in Sources */ = {isa = PBXBuildFile; fileRef = CBC9526B1E6D68C200C80F4B /* AppDelegate.swift */; };
		CBC9526E1E6D68C200C80F4B /* ViewController.swift in Sources */ = {isa = PBXBuildFile; fileRef = CBC9526D1E6D68C200C80F4B /* ViewController.swift */; };
		CBC952711E6D68C200C80F4B /* Main.storyboard in Resources */ = {isa = PBXBuildFile; fileRef = CBC9526F1E6D68C200C80F4B /* Main.storyboard */; };
		CBC952731E6D68C200C80F4B /* Assets.xcassets in Resources */ = {isa = PBXBuildFile; fileRef = CBC952721E6D68C200C80F4B /* Assets.xcassets */; };
		CBC952761E6D68C200C80F4B /* LaunchScreen.storyboard in Resources */ = {isa = PBXBuildFile; fileRef = CBC952741E6D68C200C80F4B /* LaunchScreen.storyboard */; };
		CBC9527F1E6D7AF100C80F4B /* AVFoundation.framework in Frameworks */ = {isa = PBXBuildFile; fileRef = CBC9527E1E6D7AF100C80F4B /* AVFoundation.framework */; };
		CBC952811E6D7CBB00C80F4B /* CP.WAV in Resources */ = {isa = PBXBuildFile; fileRef = CBC952801E6D7CBB00C80F4B /* CP.WAV */; };
		CBC952851E6D93D800C80F4B /* Sound.swift in Sources */ = {isa = PBXBuildFile; fileRef = CBC952841E6D93D800C80F4B /* Sound.swift */; };
		CBEDA4871E80F33F00E32A21 /* BD.WAV in Resources */ = {isa = PBXBuildFile; fileRef = CBEDA4861E80F33F00E32A21 /* BD.WAV */; };
		CBEDA4891E80F35800E32A21 /* SD.WAV in Resources */ = {isa = PBXBuildFile; fileRef = CBEDA4881E80F35800E32A21 /* SD.WAV */; };
		CBEDA4921E80FE0600E32A21 /* IOS 808 APP 8.png in Resources */ = {isa = PBXBuildFile; fileRef = CBEDA4901E80FE0600E32A21 /* IOS 808 APP 8.png */; };
		CBEDA4941E80FF7800E32A21 /* IOS 808 APP 0.png in Resources */ = {isa = PBXBuildFile; fileRef = CBEDA4931E80FF7800E32A21 /* IOS 808 APP 0.png */; };
/* End PBXBuildFile section */

/* Begin PBXFileReference section */
		CBC952681E6D68C200C80F4B /* SOUNDBOARD 808.app */ = {isa = PBXFileReference; explicitFileType = wrapper.application; includeInIndex = 0; path = "SOUNDBOARD 808.app"; sourceTree = BUILT_PRODUCTS_DIR; };
		CBC9526B1E6D68C200C80F4B /* AppDelegate.swift */ = {isa = PBXFileReference; lastKnownFileType = sourcecode.swift; path = AppDelegate.swift; sourceTree = "<group>"; };
		CBC9526D1E6D68C200C80F4B /* ViewController.swift */ = {isa = PBXFileReference; lastKnownFileType = sourcecode.swift; path = ViewController.swift; sourceTree = "<group>"; };
		CBC952701E6D68C200C80F4B /* Base */ = {isa = PBXFileReference; lastKnownFileType = file.storyboard; name = Base; path = Base.lproj/Main.storyboard; sourceTree = "<group>"; };
		CBC952721E6D68C200C80F4B /* Assets.xcassets */ = {isa = PBXFileReference; lastKnownFileType = folder.assetcatalog; path = Assets.xcassets; sourceTree = "<group>"; };
		CBC952751E6D68C200C80F4B /* Base */ = {isa = PBXFileReference; lastKnownFileType = file.storyboard; name = Base; path = Base.lproj/LaunchScreen.storyboard; sourceTree = "<group>"; };
		CBC952771E6D68C200C80F4B /* Info.plist */ = {isa = PBXFileReference; lastKnownFileType = text.plist.xml; path = Info.plist; sourceTree = "<group>"; };
		CBC9527E1E6D7AF100C80F4B /* AVFoundation.framework */ = {isa = PBXFileReference; lastKnownFileType = wrapper.framework; name = AVFoundation.framework; path = System/Library/Frameworks/AVFoundation.framework; sourceTree = SDKROOT; };
		CBC952801E6D7CBB00C80F4B /* CP.WAV */ = {isa = PBXFileReference; lastKnownFileType = audio.wav; path = CP.WAV; sourceTree = "<group>"; };
		CBC952841E6D93D800C80F4B /* Sound.swift */ = {isa = PBXFileReference; fileEncoding = 4; lastKnownFileType = sourcecode.swift; path = Sound.swift; sourceTree = "<group>"; };
		CBEDA4861E80F33F00E32A21 /* BD.WAV */ = {isa = PBXFileReference; lastKnownFileType = audio.wav; path = BD.WAV; sourceTree = "<group>"; };
		CBEDA4881E80F35800E32A21 /* SD.WAV */ = {isa = PBXFileReference; lastKnownFileType = audio.wav; path = SD.WAV; sourceTree = "<group>"; };
		CBEDA4901E80FE0600E32A21 /* IOS 808 APP 8.png */ = {isa = PBXFileReference; lastKnownFileType = image.png; path = "IOS 808 APP 8.png"; sourceTree = "<group>"; };
		CBEDA4931E80FF7800E32A21 /* IOS 808 APP 0.png */ = {isa = PBXFileReference; lastKnownFileType = image.png; path = "IOS 808 APP 0.png"; sourceTree = "<group>"; };
/* End PBXFileReference section */

/* Begin PBXFrameworksBuildPhase section */
		CBC952651E6D68C200C80F4B /* Frameworks */ = {
			isa = PBXFrameworksBuildPhase;
			buildActionMask = 2147483647;
			files = (
				CBC9527F1E6D7AF100C80F4B /* AVFoundation.framework in Frameworks */,
			);
			runOnlyForDeploymentPostprocessing = 0;
		};
/* End PBXFrameworksBuildPhase section */

/* Begin PBXGroup section */
		CBC9525F1E6D68C200C80F4B = {
			isa = PBXGroup;
			children = (
				CBC9526A1E6D68C200C80F4B /* SOUNDBOARD808 */,
				CBC952691E6D68C200C80F4B /* Products */,
				CBC9527D1E6D7AF100C80F4B /* Frameworks */,
			);
			sourceTree = "<group>";
		};
		CBC952691E6D68C200C80F4B /* Products */ = {
			isa = PBXGroup;
			children = (
				CBC952681E6D68C200C80F4B /* SOUNDBOARD 808.app */,
			);
			name = Products;
			sourceTree = "<group>";
		};
		CBC9526A1E6D68C200C80F4B /* SOUNDBOARD808 */ = {
			isa = PBXGroup;
			children = (
				CBC9526B1E6D68C200C80F4B /* AppDelegate.swift */,
				CBC9526D1E6D68C200C80F4B /* ViewController.swift */,
				CBC952841E6D93D800C80F4B /* Sound.swift */,
				CBC9526F1E6D68C200C80F4B /* Main.storyboard */,
				CBC952721E6D68C200C80F4B /* Assets.xcassets */,
				CBC952741E6D68C200C80F4B /* LaunchScreen.storyboard */,
				CBC952771E6D68C200C80F4B /* Info.plist */,
				CBEDA48E1E80FCD600E32A21 /* IMAGES */,
				CBC952831E6D7CC800C80F4B /* SOUNDS */,
			);
			path = SOUNDBOARD808;
			sourceTree = "<group>";
		};
		CBC9527D1E6D7AF100C80F4B /* Frameworks */ = {
			isa = PBXGroup;
			children = (
				CBC9527E1E6D7AF100C80F4B /* AVFoundation.framework */,
			);
			name = Frameworks;
			sourceTree = "<group>";
		};
		CBC952831E6D7CC800C80F4B /* SOUNDS */ = {
			isa = PBXGroup;
			children = (
				CBEDA4881E80F35800E32A21 /* SD.WAV */,
				CBEDA4861E80F33F00E32A21 /* BD.WAV */,
				CBC952801E6D7CBB00C80F4B /* CP.WAV */,
			);
			name = SOUNDS;
			sourceTree = "<group>";
		};
		CBEDA48E1E80FCD600E32A21 /* IMAGES */ = {
			isa = PBXGroup;
			children = (
				CBEDA4931E80FF7800E32A21 /* IOS 808 APP 0.png */,
				CBEDA4901E80FE0600E32A21 /* IOS 808 APP 8.png */,
			);
			name = IMAGES;
			sourceTree = "<group>";
		};
/* End PBXGroup section */

/* Begin PBXNativeTarget section */
		CBC952671E6D68C200C80F4B /* SOUNDBOARD 808 */ = {
			isa = PBXNativeTarget;
			buildConfigurationList = CBC9527A1E6D68C200C80F4B /* Build configuration list for PBXNativeTarget "SOUNDBOARD 808" */;
			buildPhases = (
				CBC952641E6D68C200C80F4B /* Sources */,
				CBC952651E6D68C200C80F4B /* Frameworks */,
				CBC952661E6D68C200C80F4B /* Resources */,
			);
			buildRules = (
			);
			dependencies = (
			);
			name = "SOUNDBOARD 808";
			productName = NEWAPP;
			productReference = CBC952681E6D68C200C80F4B /* SOUNDBOARD 808.app */;
			productType = "com.apple.product-type.application";
		};
/* End PBXNativeTarget section */

/* Begin PBXProject section */
		CBC952601E6D68C200C80F4B /* Project object */ = {
			isa = PBXProject;
			attributes = {
				LastSwiftUpdateCheck = 0810;
				LastUpgradeCheck = 0810;
				ORGANIZATIONNAME = "ALL ONE SUN";
				TargetAttributes = {
					CBC952671E6D68C200C80F4B = {
						CreatedOnToolsVersion = 8.1;
						DevelopmentTeam = YBGK5R3JSJ;
						ProvisioningStyle = Automatic;
					};
				};
			};
			buildConfigurationList = CBC952631E6D68C200C80F4B /* Build configuration list for PBXProject "SOUNDBOARD808" */;
			compatibilityVersion = "Xcode 3.2";
			developmentRegion = English;
			hasScannedForEncodings = 0;
			knownRegions = (
				en,
				Base,
			);
			mainGroup = CBC9525F1E6D68C200C80F4B;
			productRefGroup = CBC952691E6D68C200C80F4B /* Products */;
			projectDirPath = "";
			projectRoot = "";
			targets = (
				CBC952671E6D68C200C80F4B /* SOUNDBOARD 808 */,
			);
		};
/* End PBXProject section */

/* Begin PBXResourcesBuildPhase section */
		CBC952661E6D68C200C80F4B /* Resources */ = {
			isa = PBXResourcesBuildPhase;
			buildActionMask = 2147483647;
			files = (
				CBEDA4941E80FF7800E32A21 /* IOS 808 APP 0.png in Resources */,
				CBEDA4921E80FE0600E32A21 /* IOS 808 APP 8.png in Resources */,
				CBC952761E6D68C200C80F4B /* LaunchScreen.storyboard in Resources */,
				CBEDA4871E80F33F00E32A21 /* BD.WAV in Resources */,
				CBC952811E6D7CBB00C80F4B /* CP.WAV in Resources */,
				CBC952731E6D68C200C80F4B /* Assets.xcassets in Resources */,
				CBEDA4891E80F35800E32A21 /* SD.WAV in Resources */,
				CBC952711E6D68C200C80F4B /* Main.storyboard in Resources */,
			);
			runOnlyForDeploymentPostprocessing = 0;
		};
/* End PBXResourcesBuildPhase section */

/* Begin PBXSourcesBuildPhase section */
		CBC952641E6D68C200C80F4B /* Sources */ = {
			isa = PBXSourcesBuildPhase;
			buildActionMask = 2147483647;
			files = (
				CBC952851E6D93D800C80F4B /* Sound.swift in Sources */,
				CBC9526E1E6D68C200C80F4B /* ViewController.swift in Sources */,
				CBC9526C1E6D68C200C80F4B /* AppDelegate.swift in Sources */,
			);
			runOnlyForDeploymentPostprocessing = 0;
		};
/* End PBXSourcesBuildPhase section */

/* Begin PBXVariantGroup section */
		CBC9526F1E6D68C200C80F4B /* Main.storyboard */ = {
			isa = PBXVariantGroup;
			children = (
				CBC952701E6D68C200C80F4B /* Base */,
			);
			name = Main.storyboard;
			sourceTree = "<group>";
		};
		CBC952741E6D68C200C80F4B /* LaunchScreen.storyboard */ = {
			isa = PBXVariantGroup;
			children = (
				CBC952751E6D68C200C80F4B /* Base */,
			);
			name = LaunchScreen.storyboard;
			sourceTree = "<group>";
		};
/* End PBXVariantGroup section */

/* Begin XCBuildConfiguration section */
		CBC952781E6D68C200C80F4B /* Debug */ = {
			isa = XCBuildConfiguration;
			buildSettings = {
				ALWAYS_SEARCH_USER_PATHS = NO;
				CLANG_ANALYZER_NONNULL = YES;
				CLANG_CXX_LANGUAGE_STANDARD = "gnu++0x";
				CLANG_CXX_LIBRARY = "libc++";
				CLANG_ENABLE_MODULES = YES;
				CLANG_ENABLE_OBJC_ARC = YES;
				CLANG_WARN_BOOL_CONVERSION = YES;
				CLANG_WARN_CONSTANT_CONVERSION = YES;
				CLANG_WARN_DIRECT_OBJC_ISA_USAGE = YES_ERROR;
				CLANG_WARN_DOCUMENTATION_COMMENTS = YES;
				CLANG_WARN_EMPTY_BODY = YES;
				CLANG_WARN_ENUM_CONVERSION = YES;
				CLANG_WARN_INFINITE_RECURSION = YES;
				CLANG_WARN_INT_CONVERSION = YES;
				CLANG_WARN_OBJC_ROOT_CLASS = YES_ERROR;
				CLANG_WARN_SUSPICIOUS_MOVES = YES;
				CLANG_WARN_UNREACHABLE_CODE = YES;
				CLANG_WARN__DUPLICATE_METHOD_MATCH = YES;
				"CODE_SIGN_IDENTITY[sdk=iphoneos*]" = "iPhone Developer";
				COPY_PHASE_STRIP = NO;
				DEBUG_INFORMATION_FORMAT = dwarf;
				ENABLE_STRICT_OBJC_MSGSEND = YES;
				ENABLE_TESTABILITY = YES;
				GCC_C_LANGUAGE_STANDARD = gnu99;
				GCC_DYNAMIC_NO_PIC = NO;
				GCC_NO_COMMON_BLOCKS = YES;
				GCC_OPTIMIZATION_LEVEL = 0;
				GCC_PREPROCESSOR_DEFINITIONS = (
					"DEBUG=1",
					"$(inherited)",
				);
				GCC_WARN_64_TO_32_BIT_CONVERSION = YES;
				GCC_WARN_ABOUT_RETURN_TYPE = YES_ERROR;
				GCC_WARN_UNDECLARED_SELECTOR = YES;
				GCC_WARN_UNINITIALIZED_AUTOS = YES_AGGRESSIVE;
				GCC_WARN_UNUSED_FUNCTION = YES;
				GCC_WARN_UNUSED_VARIABLE = YES;
				IPHONEOS_DEPLOYMENT_TARGET = 7.1.2;
				MTL_ENABLE_DEBUG_INFO = YES;
				ONLY_ACTIVE_ARCH = YES;
				SDKROOT = iphoneos;
				SWIFT_ACTIVE_COMPILATION_CONDITIONS = DEBUG;
				SWIFT_OPTIMIZATION_LEVEL = "-Onone";
				TARGETED_DEVICE_FAMILY = "1,2";
			};
			name = Debug;
		};
		CBC952791E6D68C200C80F4B /* Release */ = {
			isa = XCBuildConfiguration;
			buildSettings = {
				ALWAYS_SEARCH_USER_PATHS = NO;
				CLANG_ANALYZER_NONNULL = YES;
				CLANG_CXX_LANGUAGE_STANDARD = "gnu++0x";
				CLANG_CXX_LIBRARY = "libc++";
				CLANG_ENABLE_MODULES = YES;
				CLANG_ENABLE_OBJC_ARC = YES;
				CLANG_WARN_BOOL_CONVERSION = YES;
				CLANG_WARN_CONSTANT_CONVERSION = YES;
				CLANG_WARN_DIRECT_OBJC_ISA_USAGE = YES_ERROR;
				CLANG_WARN_DOCUMENTATION_COMMENTS = YES;
				CLANG_WARN_EMPTY_BODY = YES;
				CLANG_WARN_ENUM_CONVERSION = YES;
				CLANG_WARN_INFINITE_RECURSION = YES;
				CLANG_WARN_INT_CONVERSION = YES;
				CLANG_WARN_OBJC_ROOT_CLASS = YES_ERROR;
				CLANG_WARN_SUSPICIOUS_MOVES = YES;
				CLANG_WARN_UNREACHABLE_CODE = YES;
				CLANG_WARN__DUPLICATE_METHOD_MATCH = YES;
				"CODE_SIGN_IDENTITY[sdk=iphoneos*]" = "iPhone Developer";
				COPY_PHASE_STRIP = NO;
				DEBUG_INFORMATION_FORMAT = "dwarf-with-dsym";
				ENABLE_NS_ASSERTIONS = NO;
				ENABLE_STRICT_OBJC_MSGSEND = YES;
				GCC_C_LANGUAGE_STANDARD = gnu99;
				GCC_NO_COMMON_BLOCKS = YES;
				GCC_WARN_64_TO_32_BIT_CONVERSION = YES;
				GCC_WARN_ABOUT_RETURN_TYPE = YES_ERROR;
				GCC_WARN_UNDECLARED_SELECTOR = YES;
				GCC_WARN_UNINITIALIZED_AUTOS = YES_AGGRESSIVE;
				GCC_WARN_UNUSED_FUNCTION = YES;
				GCC_WARN_UNUSED_VARIABLE = YES;
				IPHONEOS_DEPLOYMENT_TARGET = 7.1.2;
				MTL_ENABLE_DEBUG_INFO = NO;
				SDKROOT = iphoneos;
				SWIFT_OPTIMIZATION_LEVEL = "-Owholemodule";
				TARGETED_DEVICE_FAMILY = "1,2";
				VALIDATE_PRODUCT = YES;
			};
			name = Release;
		};
		CBC9527B1E6D68C200C80F4B /* Debug */ = {
			isa = XCBuildConfiguration;
			buildSettings = {
				ASSETCATALOG_COMPILER_APPICON_NAME = AppIcon;
				DEVELOPMENT_TEAM = YBGK5R3JSJ;
				INFOPLIST_FILE = NEWAPP/Info.plist;
				IPHONEOS_DEPLOYMENT_TARGET = 7.1.2;
				LD_RUNPATH_SEARCH_PATHS = "$(inherited) @executable_path/Frameworks";
				PRODUCT_BUNDLE_IDENTIFIER = COM.ALLONESUN.NEWAPP;
				PRODUCT_NAME = "$(TARGET_NAME)";
				SWIFT_VERSION = 3.0;
			};
			name = Debug;
		};
		CBC9527C1E6D68C200C80F4B /* Release */ = {
			isa = XCBuildConfiguration;
			buildSettings = {
				ASSETCATALOG_COMPILER_APPICON_NAME = AppIcon;
				DEVELOPMENT_TEAM = YBGK5R3JSJ;
				INFOPLIST_FILE = NEWAPP/Info.plist;
				IPHONEOS_DEPLOYMENT_TARGET = 7.1.2;
				LD_RUNPATH_SEARCH_PATHS = "$(inherited) @executable_path/Frameworks";
				PRODUCT_BUNDLE_IDENTIFIER = COM.ALLONESUN.NEWAPP;
				PRODUCT_NAME = "$(TARGET_NAME)";
				SWIFT_VERSION = 3.0;
			};
			name = Release;
		};
/* End XCBuildConfiguration section */

/* Begin XCConfigurationList section */
		CBC952631E6D68C200C80F4B /* Build configuration list for PBXProject "SOUNDBOARD808" */ = {
			isa = XCConfigurationList;
			buildConfigurations = (
				CBC952781E6D68C200C80F4B /* Debug */,
				CBC952791E6D68C200C80F4B /* Release */,
			);
			defaultConfigurationIsVisible = 0;
			defaultConfigurationName = Release;
		};
		CBC9527A1E6D68C200C80F4B /* Build configuration list for PBXNativeTarget "SOUNDBOARD 808" */ = {
			isa = XCConfigurationList;
			buildConfigurations = (
				CBC9527B1E6D68C200C80F4B /* Debug */,
				CBC9527C1E6D68C200C80F4B /* Release */,
			);
			defaultConfigurationIsVisible = 0;
			defaultConfigurationName = Release;
		};
/* End XCConfigurationList section */
	};
	rootObject = CBC952601E6D68C200C80F4B /* Project object */;
}
